
Microsoft Visual Studio Solution File, Format Version 12.00
# Visual Studio Version 17
VisualStudioVersion = 17.13.35931.197 d17.13
MinimumVisualStudioVersion = 10.0.40219.1
Project("{FAE04EC0-301F-11D3-BF4B-00C04F79EFBC}") = "MauiAppLog", "MauiAppLog\MauiAppLog.csproj", "{0F265D43-855A-48CC-83EB-09EF94BF143D}"
EndProject
Global
	GlobalSection(SolutionConfigurationPlatforms) = preSolution
		Debug|Any CPU = Debug|Any CPU
		Release|Any CPU = Release|Any CPU
	EndGlobalSection
	GlobalSection(ProjectConfigurationPlatforms) = postSolution
		{0F265D43-855A-48CC-83EB-09EF94BF143D}.Debug|Any CPU.ActiveCfg = Debug|Any CPU
		{0F265D43-855A-48CC-83EB-09EF94BF143D}.Debug|Any CPU.Build.0 = Debug|Any CPU
		{0F265D43-855A-48CC-83EB-09EF94BF143D}.Debug|Any CPU.Deploy.0 = Debug|Any CPU
		{0F265D43-855A-48CC-83EB-09EF94BF143D}.Release|Any CPU.ActiveCfg = Release|Any CPU
		{0F265D43-855A-48CC-83EB-09EF94BF143D}.Release|Any CPU.Build.0 = Release|Any CPU
		{0F265D43-855A-48CC-83EB-09EF94BF143D}.Release|Any CPU.Deploy.0 = Release|Any CPU
	EndGlobalSection
	GlobalSection(SolutionProperties) = preSolution
		HideSolutionNode = FALSE
	EndGlobalSection
	GlobalSection(ExtensibilityGlobals) = postSolution
		SolutionGuid = {79438C56-8D4D-4245-8759-A7CFE7C8C3C1}
	EndGlobalSection
EndGlobal
